// !$*UTF8*$!
{
	archiveVersion = 1;
	classes = {
	};
	objectVersion = 56;
	objects = {

/* Begin PBXBuildFile section */
		664E73722A41429B0003D595 /* LandmarksApp.swift in Sources */ = {isa = PBXBuildFile; fileRef = 664E73712A41429B0003D595 /* LandmarksApp.swift */; };
		664E73742A41429B0003D595 /* ContentView.swift in Sources */ = {isa = PBXBuildFile; fileRef = 664E73732A41429B0003D595 /* ContentView.swift */; };
		664E73762A41429C0003D595 /* Assets.xcassets in Resources */ = {isa = PBXBuildFile; fileRef = 664E73752A41429C0003D595 /* Assets.xcassets */; };
		664E73792A41429C0003D595 /* Preview Assets.xcassets in Resources */ = {isa = PBXBuildFile; fileRef = 664E73782A41429C0003D595 /* Preview Assets.xcassets */; };
		664E73802A4145C40003D595 /* CircleImage.swift in Sources */ = {isa = PBXBuildFile; fileRef = 664E737F2A4145C40003D595 /* CircleImage.swift */; };
		664E73822A4146290003D595 /* MapView.swift in Sources */ = {isa = PBXBuildFile; fileRef = 664E73812A4146290003D595 /* MapView.swift */; };
		664E73842A41493E0003D595 /* landmarkData.json in Resources */ = {isa = PBXBuildFile; fileRef = 664E73832A41493E0003D595 /* landmarkData.json */; };
		664E73862A41494E0003D595 /* Landmark.swift in Sources */ = {isa = PBXBuildFile; fileRef = 664E73852A41494E0003D595 /* Landmark.swift */; };
		664E73882A4149B90003D595 /* ModelData.swift in Sources */ = {isa = PBXBuildFile; fileRef = 664E73872A4149B90003D595 /* ModelData.swift */; };
		664E738D2A414A540003D595 /* LandmarkRow.swift in Sources */ = {isa = PBXBuildFile; fileRef = 664E738C2A414A540003D595 /* LandmarkRow.swift */; };
		664E738F2A414B510003D595 /* LandmarkList.swift in Sources */ = {isa = PBXBuildFile; fileRef = 664E738E2A414B510003D595 /* LandmarkList.swift */; };
		664E73912A414BF20003D595 /* LandmarkDetail.swift in Sources */ = {isa = PBXBuildFile; fileRef = 664E73902A414BF20003D595 /* LandmarkDetail.swift */; };
		664E73932A4150D50003D595 /* FavoriteButton.swift in Sources */ = {isa = PBXBuildFile; fileRef = 664E73922A4150D50003D595 /* FavoriteButton.swift */; };
		665817C22A4C67280029AA9D /* HexagonParameters.swift in Sources */ = {isa = PBXBuildFile; fileRef = 665817C12A4C67280029AA9D /* HexagonParameters.swift */; };
		665817C42A4C68060029AA9D /* BadgeBackground.swift in Sources */ = {isa = PBXBuildFile; fileRef = 665817C32A4C68060029AA9D /* BadgeBackground.swift */; };
		665817C62A4C6C2B0029AA9D /* BadgeSymbol.swift in Sources */ = {isa = PBXBuildFile; fileRef = 665817C52A4C6C2B0029AA9D /* BadgeSymbol.swift */; };
		665817C82A4C6C890029AA9D /* RotatedBadgeSymbol.swift in Sources */ = {isa = PBXBuildFile; fileRef = 665817C72A4C6C890029AA9D /* RotatedBadgeSymbol.swift */; };
		665817CB2A4C6CFC0029AA9D /* Badge.swift in Sources */ = {isa = PBXBuildFile; fileRef = 665817CA2A4C6CFC0029AA9D /* Badge.swift */; };
		665817CD2A4C6DE40029AA9D /* hikeData.json in Resources */ = {isa = PBXBuildFile; fileRef = 665817CC2A4C6DE40029AA9D /* hikeData.json */; };
		665817CF2A4C6DF60029AA9D /* Hike.swift in Sources */ = {isa = PBXBuildFile; fileRef = 665817CE2A4C6DF60029AA9D /* Hike.swift */; };
		665817D52A4C6E760029AA9D /* GraphCapsule.swift in Sources */ = {isa = PBXBuildFile; fileRef = 665817D12A4C6E760029AA9D /* GraphCapsule.swift */; };
		665817D62A4C6E760029AA9D /* HikeGraph.swift in Sources */ = {isa = PBXBuildFile; fileRef = 665817D22A4C6E760029AA9D /* HikeGraph.swift */; };
		665817D72A4C6E760029AA9D /* HikeDetail.swift in Sources */ = {isa = PBXBuildFile; fileRef = 665817D32A4C6E760029AA9D /* HikeDetail.swift */; };
		665817D82A4C6E760029AA9D /* HikeView.swift in Sources */ = {isa = PBXBuildFile; fileRef = 665817D42A4C6E760029AA9D /* HikeView.swift */; };
		665817DB2A5359E50029AA9D /* CategoryHome.swift in Sources */ = {isa = PBXBuildFile; fileRef = 665817DA2A5359E50029AA9D /* CategoryHome.swift */; };
		665817DD2A535AFE0029AA9D /* CategoryRow.swift in Sources */ = {isa = PBXBuildFile; fileRef = 665817DC2A535AFE0029AA9D /* CategoryRow.swift */; };
		665817DF2A535B520029AA9D /* CategoryItem.swift in Sources */ = {isa = PBXBuildFile; fileRef = 665817DE2A535B520029AA9D /* CategoryItem.swift */; };
		665817E12A535D810029AA9D /* Profile.swift in Sources */ = {isa = PBXBuildFile; fileRef = 665817E02A535D810029AA9D /* Profile.swift */; };
		665817E42A535DBF0029AA9D /* ProfileHost.swift in Sources */ = {isa = PBXBuildFile; fileRef = 665817E32A535DBF0029AA9D /* ProfileHost.swift */; };
		665817E62A535DDD0029AA9D /* ProfileSummary.swift in Sources */ = {isa = PBXBuildFile; fileRef = 665817E52A535DDD0029AA9D /* ProfileSummary.swift */; };
		665817E82A535E310029AA9D /* HikeBadge.swift in Sources */ = {isa = PBXBuildFile; fileRef = 665817E72A535E310029AA9D /* HikeBadge.swift */; };
		665817EA2A535FCF0029AA9D /* ProfileEditor.swift in Sources */ = {isa = PBXBuildFile; fileRef = 665817E92A535FCF0029AA9D /* ProfileEditor.swift */; };
		665817ED2A55C72E0029AA9D /* PageViewController.swift in Sources */ = {isa = PBXBuildFile; fileRef = 665817EC2A55C72E0029AA9D /* PageViewController.swift */; };
		665817EF2A55C7B80029AA9D /* FeatureCard.swift in Sources */ = {isa = PBXBuildFile; fileRef = 665817EE2A55C7B80029AA9D /* FeatureCard.swift */; };
		665817F12A55C7F30029AA9D /* PageView.swift in Sources */ = {isa = PBXBuildFile; fileRef = 665817F02A55C7F30029AA9D /* PageView.swift */; };
		665817F32A55C9F90029AA9D /* PageControl.swift in Sources */ = {isa = PBXBuildFile; fileRef = 665817F22A55C9F90029AA9D /* PageControl.swift */; };
		665818122A55D5140029AA9D /* WatchLandmarks Watch App.app in Embed Watch Content */ = {isa = PBXBuildFile; fileRef = 665818112A55D5140029AA9D /* WatchLandmarks Watch App.app */; settings = {ATTRIBUTES = (RemoveHeadersOnCopy, ); }; };
		665818192A55D5140029AA9D /* ContentView.swift in Sources */ = {isa = PBXBuildFile; fileRef = 665818182A55D5140029AA9D /* ContentView.swift */; };
		6658181B2A55D5160029AA9D /* Assets.xcassets in Resources */ = {isa = PBXBuildFile; fileRef = 6658181A2A55D5160029AA9D /* Assets.xcassets */; };
		6658181E2A55D5160029AA9D /* Preview Assets.xcassets in Resources */ = {isa = PBXBuildFile; fileRef = 6658181D2A55D5160029AA9D /* Preview Assets.xcassets */; };
		665818262A55D6120029AA9D /* LandmarksApp.swift in Sources */ = {isa = PBXBuildFile; fileRef = 664E73712A41429B0003D595 /* LandmarksApp.swift */; };
		665818272A55D6120029AA9D /* CircleImage.swift in Sources */ = {isa = PBXBuildFile; fileRef = 664E737F2A4145C40003D595 /* CircleImage.swift */; };
		665818282A55D6120029AA9D /* landmarkData.json in Resources */ = {isa = PBXBuildFile; fileRef = 664E73832A41493E0003D595 /* landmarkData.json */; };
		665818292A55D6120029AA9D /* ModelData.swift in Sources */ = {isa = PBXBuildFile; fileRef = 664E73872A4149B90003D595 /* ModelData.swift */; };
		6658182A2A55D6120029AA9D /* Profile.swift in Sources */ = {isa = PBXBuildFile; fileRef = 665817E02A535D810029AA9D /* Profile.swift */; };
		6658182B2A55D6120029AA9D /* MapView.swift in Sources */ = {isa = PBXBuildFile; fileRef = 664E73812A4146290003D595 /* MapView.swift */; };
		6658182C2A55D6120029AA9D /* Hike.swift in Sources */ = {isa = PBXBuildFile; fileRef = 665817CE2A4C6DF60029AA9D /* Hike.swift */; };
		6658182D2A55D6120029AA9D /* Assets.xcassets in Resources */ = {isa = PBXBuildFile; fileRef = 664E73752A41429C0003D595 /* Assets.xcassets */; };
		6658182F2A55D6120029AA9D /* LandmarkRow.swift in Sources */ = {isa = PBXBuildFile; fileRef = 664E738C2A414A540003D595 /* LandmarkRow.swift */; };
		665818302A55D6120029AA9D /* Landmark.swift in Sources */ = {isa = PBXBuildFile; fileRef = 664E73852A41494E0003D595 /* Landmark.swift */; };
		665818312A55D6120029AA9D /* hikeData.json in Resources */ = {isa = PBXBuildFile; fileRef = 665817CC2A4C6DE40029AA9D /* hikeData.json */; };
		665818342A55D76C0029AA9D /* LandmarkDetail.swift in Sources */ = {isa = PBXBuildFile; fileRef = 665818322A55D6C80029AA9D /* LandmarkDetail.swift */; };
		665818362A55D96D0029AA9D /* NotificationView.swift in Sources */ = {isa = PBXBuildFile; fileRef = 665818352A55D96D0029AA9D /* NotificationView.swift */; };
		665818382A55D9800029AA9D /* NotificationController.swift in Sources */ = {isa = PBXBuildFile; fileRef = 665818372A55D9800029AA9D /* NotificationController.swift */; };
		6658183C2A55D9B80029AA9D /* PushNotificationPayload.apns in Resources */ = {isa = PBXBuildFile; fileRef = 6658183B2A55D9B80029AA9D /* PushNotificationPayload.apns */; };
		665818462A55E3A00029AA9D /* ContentView.swift in Sources */ = {isa = PBXBuildFile; fileRef = 665818452A55E3A00029AA9D /* ContentView.swift */; };
		665818482A55E3A30029AA9D /* Assets.xcassets in Resources */ = {isa = PBXBuildFile; fileRef = 665818472A55E3A30029AA9D /* Assets.xcassets */; };
		6658184B2A55E3A30029AA9D /* Preview Assets.xcassets in Resources */ = {isa = PBXBuildFile; fileRef = 6658184A2A55E3A30029AA9D /* Preview Assets.xcassets */; };
		665818502A55E41A0029AA9D /* MapView.swift in Sources */ = {isa = PBXBuildFile; fileRef = 664E73812A4146290003D595 /* MapView.swift */; };
		665818512A55E41A0029AA9D /* Landmark.swift in Sources */ = {isa = PBXBuildFile; fileRef = 664E73852A41494E0003D595 /* Landmark.swift */; };
		665818522A55E41A0029AA9D /* Hike.swift in Sources */ = {isa = PBXBuildFile; fileRef = 665817CE2A4C6DF60029AA9D /* Hike.swift */; };
		665818532A55E41A0029AA9D /* FavoriteButton.swift in Sources */ = {isa = PBXBuildFile; fileRef = 664E73922A4150D50003D595 /* FavoriteButton.swift */; };
		665818542A55E41A0029AA9D /* CircleImage.swift in Sources */ = {isa = PBXBuildFile; fileRef = 664E737F2A4145C40003D595 /* CircleImage.swift */; };
		665818552A55E41A0029AA9D /* LandmarkRow.swift in Sources */ = {isa = PBXBuildFile; fileRef = 664E738C2A414A540003D595 /* LandmarkRow.swift */; };
		665818562A55E41A0029AA9D /* LandmarkList.swift in Sources */ = {isa = PBXBuildFile; fileRef = 664E738E2A414B510003D595 /* LandmarkList.swift */; };
		665818572A55E41A0029AA9D /* LandmarksApp.swift in Sources */ = {isa = PBXBuildFile; fileRef = 664E73712A41429B0003D595 /* LandmarksApp.swift */; };
		665818582A55E41A0029AA9D /* hikeData.json in Resources */ = {isa = PBXBuildFile; fileRef = 665817CC2A4C6DE40029AA9D /* hikeData.json */; };
		665818592A55E41A0029AA9D /* Assets.xcassets in Resources */ = {isa = PBXBuildFile; fileRef = 664E73752A41429C0003D595 /* Assets.xcassets */; };
		6658185A2A55E41A0029AA9D /* ModelData.swift in Sources */ = {isa = PBXBuildFile; fileRef = 664E73872A4149B90003D595 /* ModelData.swift */; };
		6658185B2A55E41A0029AA9D /* landmarkData.json in Resources */ = {isa = PBXBuildFile; fileRef = 664E73832A41493E0003D595 /* landmarkData.json */; };
		6658185C2A55E41A0029AA9D /* Profile.swift in Sources */ = {isa = PBXBuildFile; fileRef = 665817E02A535D810029AA9D /* Profile.swift */; };
		6658185E2A55E4AA0029AA9D /* LandmarkDetail.swift in Sources */ = {isa = PBXBuildFile; fileRef = 6658185D2A55E4AA0029AA9D /* LandmarkDetail.swift */; };
		665818602A55E5AF0029AA9D /* LandmarkList.swift in Sources */ = {isa = PBXBuildFile; fileRef = 6658185F2A55E5AF0029AA9D /* LandmarkList.swift */; };
		665818622A55E7D50029AA9D /* LandmarkCommands.swift in Sources */ = {isa = PBXBuildFile; fileRef = 665818612A55E7D50029AA9D /* LandmarkCommands.swift */; };
		665818632A55E7D50029AA9D /* LandmarkCommands.swift in Sources */ = {isa = PBXBuildFile; fileRef = 665818612A55E7D50029AA9D /* LandmarkCommands.swift */; };
/* End PBXBuildFile section */

/* Begin PBXContainerItemProxy section */
		665818132A55D5140029AA9D /* PBXContainerItemProxy */ = {
			isa = PBXContainerItemProxy;
			containerPortal = 664E73662A41429A0003D595 /* Project object */;
			proxyType = 1;
			remoteGlobalIDString = 665818102A55D5140029AA9D;
			remoteInfo = "WatchLandmarks Watch App";
		};
/* End PBXContainerItemProxy section */

/* Begin PBXCopyFilesBuildPhase section */
		665818212A55D5160029AA9D /* Embed Watch Content */ = {
			isa = PBXCopyFilesBuildPhase;
			buildActionMask = 2147483647;
			dstPath = "$(CONTENTS_FOLDER_PATH)/Watch";
			dstSubfolderSpec = 16;
			files = (
				665818122A55D5140029AA9D /* WatchLandmarks Watch App.app in Embed Watch Content */,
			);
			name = "Embed Watch Content";
			runOnlyForDeploymentPostprocessing = 0;
		};
/* End PBXCopyFilesBuildPhase section */

/* Begin PBXFileReference section */
		664E736E2A41429B0003D595 /* Landmarks.app */ = {isa = PBXFileReference; explicitFileType = wrapper.application; includeInIndex = 0; path = Landmarks.app; sourceTree = BUILT_PRODUCTS_DIR; };
		664E73712A41429B0003D595 /* LandmarksApp.swift */ = {isa = PBXFileReference; lastKnownFileType = sourcecode.swift; path = LandmarksApp.swift; sourceTree = "<group>"; };
		664E73732A41429B0003D595 /* ContentView.swift */ = {isa = PBXFileReference; lastKnownFileType = sourcecode.swift; path = ContentView.swift; sourceTree = "<group>"; };
		664E73752A41429C0003D595 /* Assets.xcassets */ = {isa = PBXFileReference; lastKnownFileType = folder.assetcatalog; path = Assets.xcassets; sourceTree = "<group>"; };
		664E73782A41429C0003D595 /* Preview Assets.xcassets */ = {isa = PBXFileReference; lastKnownFileType = folder.assetcatalog; path = "Preview Assets.xcassets"; sourceTree = "<group>"; };
		664E737F2A4145C40003D595 /* CircleImage.swift */ = {isa = PBXFileReference; lastKnownFileType = sourcecode.swift; path = CircleImage.swift; sourceTree = "<group>"; };
		664E73812A4146290003D595 /* MapView.swift */ = {isa = PBXFileReference; lastKnownFileType = sourcecode.swift; path = MapView.swift; sourceTree = "<group>"; };
		664E73832A41493E0003D595 /* landmarkData.json */ = {isa = PBXFileReference; fileEncoding = 4; lastKnownFileType = text.json; path = landmarkData.json; sourceTree = "<group>"; };
		664E73852A41494E0003D595 /* Landmark.swift */ = {isa = PBXFileReference; lastKnownFileType = sourcecode.swift; path = Landmark.swift; sourceTree = "<group>"; };
		664E73872A4149B90003D595 /* ModelData.swift */ = {isa = PBXFileReference; lastKnownFileType = sourcecode.swift; path = ModelData.swift; sourceTree = "<group>"; };
		664E738C2A414A540003D595 /* LandmarkRow.swift */ = {isa = PBXFileReference; lastKnownFileType = sourcecode.swift; path = LandmarkRow.swift; sourceTree = "<group>"; };
		664E738E2A414B510003D595 /* LandmarkList.swift */ = {isa = PBXFileReference; lastKnownFileType = sourcecode.swift; path = LandmarkList.swift; sourceTree = "<group>"; };
		664E73902A414BF20003D595 /* LandmarkDetail.swift */ = {isa = PBXFileReference; lastKnownFileType = sourcecode.swift; path = LandmarkDetail.swift; sourceTree = "<group>"; };
		664E73922A4150D50003D595 /* FavoriteButton.swift */ = {isa = PBXFileReference; lastKnownFileType = sourcecode.swift; path = FavoriteButton.swift; sourceTree = "<group>"; };
		665817C12A4C67280029AA9D /* HexagonParameters.swift */ = {isa = PBXFileReference; lastKnownFileType = sourcecode.swift; path = HexagonParameters.swift; sourceTree = "<group>"; };
		665817C32A4C68060029AA9D /* BadgeBackground.swift */ = {isa = PBXFileReference; lastKnownFileType = sourcecode.swift; path = BadgeBackground.swift; sourceTree = "<group>"; };
		665817C52A4C6C2B0029AA9D /* BadgeSymbol.swift */ = {isa = PBXFileReference; lastKnownFileType = sourcecode.swift; path = BadgeSymbol.swift; sourceTree = "<group>"; };
		665817C72A4C6C890029AA9D /* RotatedBadgeSymbol.swift */ = {isa = PBXFileReference; lastKnownFileType = sourcecode.swift; path = RotatedBadgeSymbol.swift; sourceTree = "<group>"; };
		665817CA2A4C6CFC0029AA9D /* Badge.swift */ = {isa = PBXFileReference; lastKnownFileType = sourcecode.swift; path = Badge.swift; sourceTree = "<group>"; };
		665817CC2A4C6DE40029AA9D /* hikeData.json */ = {isa = PBXFileReference; fileEncoding = 4; lastKnownFileType = text.json; path = hikeData.json; sourceTree = "<group>"; };
		665817CE2A4C6DF60029AA9D /* Hike.swift */ = {isa = PBXFileReference; lastKnownFileType = sourcecode.swift; path = Hike.swift; sourceTree = "<group>"; };
		665817D12A4C6E760029AA9D /* GraphCapsule.swift */ = {isa = PBXFileReference; fileEncoding = 4; lastKnownFileType = sourcecode.swift; path = GraphCapsule.swift; sourceTree = "<group>"; };
		665817D22A4C6E760029AA9D /* HikeGraph.swift */ = {isa = PBXFileReference; fileEncoding = 4; lastKnownFileType = sourcecode.swift; path = HikeGraph.swift; sourceTree = "<group>"; };
		665817D32A4C6E760029AA9D /* HikeDetail.swift */ = {isa = PBXFileReference; fileEncoding = 4; lastKnownFileType = sourcecode.swift; path = HikeDetail.swift; sourceTree = "<group>"; };
		665817D42A4C6E760029AA9D /* HikeView.swift */ = {isa = PBXFileReference; fileEncoding = 4; lastKnownFileType = sourcecode.swift; path = HikeView.swift; sourceTree = "<group>"; };
		665817DA2A5359E50029AA9D /* CategoryHome.swift */ = {isa = PBXFileReference; lastKnownFileType = sourcecode.swift; path = CategoryHome.swift; sourceTree = "<group>"; };
		665817DC2A535AFE0029AA9D /* CategoryRow.swift */ = {isa = PBXFileReference; lastKnownFileType = sourcecode.swift; path = CategoryRow.swift; sourceTree = "<group>"; };
		665817DE2A535B520029AA9D /* CategoryItem.swift */ = {isa = PBXFileReference; lastKnownFileType = sourcecode.swift; path = CategoryItem.swift; sourceTree = "<group>"; };
		665817E02A535D810029AA9D /* Profile.swift */ = {isa = PBXFileReference; lastKnownFileType = sourcecode.swift; path = Profile.swift; sourceTree = "<group>"; };
		665817E32A535DBF0029AA9D /* ProfileHost.swift */ = {isa = PBXFileReference; lastKnownFileType = sourcecode.swift; path = ProfileHost.swift; sourceTree = "<group>"; };
		665817E52A535DDD0029AA9D /* ProfileSummary.swift */ = {isa = PBXFileReference; lastKnownFileType = sourcecode.swift; path = ProfileSummary.swift; sourceTree = "<group>"; };
		665817E72A535E310029AA9D /* HikeBadge.swift */ = {isa = PBXFileReference; lastKnownFileType = sourcecode.swift; path = HikeBadge.swift; sourceTree = "<group>"; };
		665817E92A535FCF0029AA9D /* ProfileEditor.swift */ = {isa = PBXFileReference; lastKnownFileType = sourcecode.swift; path = ProfileEditor.swift; sourceTree = "<group>"; };
		665817EC2A55C72E0029AA9D /* PageViewController.swift */ = {isa = PBXFileReference; lastKnownFileType = sourcecode.swift; path = PageViewController.swift; sourceTree = "<group>"; };
		665817EE2A55C7B80029AA9D /* FeatureCard.swift */ = {isa = PBXFileReference; lastKnownFileType = sourcecode.swift; path = FeatureCard.swift; sourceTree = "<group>"; };
		665817F02A55C7F30029AA9D /* PageView.swift */ = {isa = PBXFileReference; lastKnownFileType = sourcecode.swift; path = PageView.swift; sourceTree = "<group>"; };
		665817F22A55C9F90029AA9D /* PageControl.swift */ = {isa = PBXFileReference; lastKnownFileType = sourcecode.swift; path = PageControl.swift; sourceTree = "<group>"; };
		6658180C2A55D5140029AA9D /* WatchLandmarks.app */ = {isa = PBXFileReference; explicitFileType = wrapper.application; includeInIndex = 0; path = WatchLandmarks.app; sourceTree = BUILT_PRODUCTS_DIR; };
		665818112A55D5140029AA9D /* WatchLandmarks Watch App.app */ = {isa = PBXFileReference; explicitFileType = wrapper.application; includeInIndex = 0; path = "WatchLandmarks Watch App.app"; sourceTree = BUILT_PRODUCTS_DIR; };
		665818182A55D5140029AA9D /* ContentView.swift */ = {isa = PBXFileReference; lastKnownFileType = sourcecode.swift; path = ContentView.swift; sourceTree = "<group>"; };
		6658181A2A55D5160029AA9D /* Assets.xcassets */ = {isa = PBXFileReference; lastKnownFileType = folder.assetcatalog; path = Assets.xcassets; sourceTree = "<group>"; };
		6658181D2A55D5160029AA9D /* Preview Assets.xcassets */ = {isa = PBXFileReference; lastKnownFileType = folder.assetcatalog; path = "Preview Assets.xcassets"; sourceTree = "<group>"; };
		665818322A55D6C80029AA9D /* LandmarkDetail.swift */ = {isa = PBXFileReference; lastKnownFileType = sourcecode.swift; path = LandmarkDetail.swift; sourceTree = "<group>"; };
		665818352A55D96D0029AA9D /* NotificationView.swift */ = {isa = PBXFileReference; lastKnownFileType = sourcecode.swift; path = NotificationView.swift; sourceTree = "<group>"; };
		665818372A55D9800029AA9D /* NotificationController.swift */ = {isa = PBXFileReference; lastKnownFileType = sourcecode.swift; path = NotificationController.swift; sourceTree = "<group>"; };
		6658183B2A55D9B80029AA9D /* PushNotificationPayload.apns */ = {isa = PBXFileReference; lastKnownFileType = text; path = PushNotificationPayload.apns; sourceTree = "<group>"; };
		665818412A55E3A00029AA9D /* MacLandmarks.app */ = {isa = PBXFileReference; explicitFileType = wrapper.application; includeInIndex = 0; path = MacLandmarks.app; sourceTree = BUILT_PRODUCTS_DIR; };
		665818452A55E3A00029AA9D /* ContentView.swift */ = {isa = PBXFileReference; lastKnownFileType = sourcecode.swift; path = ContentView.swift; sourceTree = "<group>"; };
		665818472A55E3A30029AA9D /* Assets.xcassets */ = {isa = PBXFileReference; lastKnownFileType = folder.assetcatalog; path = Assets.xcassets; sourceTree = "<group>"; };
		6658184A2A55E3A30029AA9D /* Preview Assets.xcassets */ = {isa = PBXFileReference; lastKnownFileType = folder.assetcatalog; path = "Preview Assets.xcassets"; sourceTree = "<group>"; };
		6658184C2A55E3A30029AA9D /* MacLandmarks.entitlements */ = {isa = PBXFileReference; lastKnownFileType = text.plist.entitlements; path = MacLandmarks.entitlements; sourceTree = "<group>"; };
		6658185D2A55E4AA0029AA9D /* LandmarkDetail.swift */ = {isa = PBXFileReference; lastKnownFileType = sourcecode.swift; path = LandmarkDetail.swift; sourceTree = "<group>"; };
		6658185F2A55E5AF0029AA9D /* LandmarkList.swift */ = {isa = PBXFileReference; lastKnownFileType = sourcecode.swift; path = LandmarkList.swift; sourceTree = "<group>"; };
		665818612A55E7D50029AA9D /* LandmarkCommands.swift */ = {isa = PBXFileReference; lastKnownFileType = sourcecode.swift; path = LandmarkCommands.swift; sourceTree = "<group>"; };
/* End PBXFileReference section */

/* Begin PBXFrameworksBuildPhase section */
		664E736B2A41429A0003D595 /* Frameworks */ = {
			isa = PBXFrameworksBuildPhase;
			buildActionMask = 2147483647;
			files = (
			);
			runOnlyForDeploymentPostprocessing = 0;
		};
		6658180E2A55D5140029AA9D /* Frameworks */ = {
			isa = PBXFrameworksBuildPhase;
			buildActionMask = 2147483647;
			files = (
			);
			runOnlyForDeploymentPostprocessing = 0;
		};
		6658183E2A55E3A00029AA9D /* Frameworks */ = {
			isa = PBXFrameworksBuildPhase;
			buildActionMask = 2147483647;
			files = (
			);
			runOnlyForDeploymentPostprocessing = 0;
		};
/* End PBXFrameworksBuildPhase section */

/* Begin PBXGroup section */
		664E73652A41429A0003D595 = {
			isa = PBXGroup;
			children = (
				664E73702A41429B0003D595 /* Landmarks */,
				665818152A55D5140029AA9D /* WatchLandmarks Watch App */,
				665818422A55E3A00029AA9D /* MacLandmarks */,
				664E736F2A41429B0003D595 /* Products */,
			);
			sourceTree = "<group>";
		};
		664E736F2A41429B0003D595 /* Products */ = {
			isa = PBXGroup;
			children = (
				664E736E2A41429B0003D595 /* Landmarks.app */,
				6658180C2A55D5140029AA9D /* WatchLandmarks.app */,
				665818112A55D5140029AA9D /* WatchLandmarks Watch App.app */,
				665818412A55E3A00029AA9D /* MacLandmarks.app */,
			);
			name = Products;
			sourceTree = "<group>";
		};
		664E73702A41429B0003D595 /* Landmarks */ = {
			isa = PBXGroup;
			children = (
				664E73712A41429B0003D595 /* LandmarksApp.swift */,
				664E73892A4149EB0003D595 /* Views */,
				664E738A2A4149F20003D595 /* Model */,
				664E738B2A4149FF0003D595 /* Resources */,
				664E73752A41429C0003D595 /* Assets.xcassets */,
				664E73772A41429C0003D595 /* Preview Content */,
			);
			path = Landmarks;
			sourceTree = "<group>";
		};
		664E73772A41429C0003D595 /* Preview Content */ = {
			isa = PBXGroup;
			children = (
				664E73782A41429C0003D595 /* Preview Assets.xcassets */,
			);
			path = "Preview Content";
			sourceTree = "<group>";
		};
		664E73892A4149EB0003D595 /* Views */ = {
			isa = PBXGroup;
			children = (
				664E73732A41429B0003D595 /* ContentView.swift */,
				665817C92A4C6CB30029AA9D /* Badge */,
				664E73942A41512D0003D595 /* Landmarks */,
				664E73952A4151370003D595 /* Helpers */,
				665817D92A53525F0029AA9D /* Categories */,
				665817E22A535DA20029AA9D /* Profiles */,
				665817EB2A55C71A0029AA9D /* PageView */,
			);
			path = Views;
			sourceTree = "<group>";
		};
		664E738A2A4149F20003D595 /* Model */ = {
			isa = PBXGroup;
			children = (
				664E73852A41494E0003D595 /* Landmark.swift */,
				664E73872A4149B90003D595 /* ModelData.swift */,
				665817CE2A4C6DF60029AA9D /* Hike.swift */,
				665817E02A535D810029AA9D /* Profile.swift */,
			);
			path = Model;
			sourceTree = "<group>";
		};
		664E738B2A4149FF0003D595 /* Resources */ = {
			isa = PBXGroup;
			children = (
				664E73832A41493E0003D595 /* landmarkData.json */,
				665817CC2A4C6DE40029AA9D /* hikeData.json */,
				665817D02A4C6E760029AA9D /* Hikes */,
			);
			path = Resources;
			sourceTree = "<group>";
		};
		664E73942A41512D0003D595 /* Landmarks */ = {
			isa = PBXGroup;
			children = (
				664E738C2A414A540003D595 /* LandmarkRow.swift */,
				664E738E2A414B510003D595 /* LandmarkList.swift */,
				664E73902A414BF20003D595 /* LandmarkDetail.swift */,
			);
			path = Landmarks;
			sourceTree = "<group>";
		};
		664E73952A4151370003D595 /* Helpers */ = {
			isa = PBXGroup;
			children = (
				664E737F2A4145C40003D595 /* CircleImage.swift */,
				664E73812A4146290003D595 /* MapView.swift */,
				664E73922A4150D50003D595 /* FavoriteButton.swift */,
			);
			path = Helpers;
			sourceTree = "<group>";
		};
		665817C92A4C6CB30029AA9D /* Badge */ = {
			isa = PBXGroup;
			children = (
				665817C12A4C67280029AA9D /* HexagonParameters.swift */,
				665817C32A4C68060029AA9D /* BadgeBackground.swift */,
				665817C52A4C6C2B0029AA9D /* BadgeSymbol.swift */,
				665817C72A4C6C890029AA9D /* RotatedBadgeSymbol.swift */,
				665817CA2A4C6CFC0029AA9D /* Badge.swift */,
			);
			path = Badge;
			sourceTree = "<group>";
		};
		665817D02A4C6E760029AA9D /* Hikes */ = {
			isa = PBXGroup;
			children = (
				665817D12A4C6E760029AA9D /* GraphCapsule.swift */,
				665817D22A4C6E760029AA9D /* HikeGraph.swift */,
				665817D32A4C6E760029AA9D /* HikeDetail.swift */,
				665817D42A4C6E760029AA9D /* HikeView.swift */,
				665817E72A535E310029AA9D /* HikeBadge.swift */,
			);
			path = Hikes;
			sourceTree = "<group>";
		};
		665817D92A53525F0029AA9D /* Categories */ = {
			isa = PBXGroup;
			children = (
				665817DA2A5359E50029AA9D /* CategoryHome.swift */,
				665817DC2A535AFE0029AA9D /* CategoryRow.swift */,
				665817DE2A535B520029AA9D /* CategoryItem.swift */,
			);
			path = Categories;
			sourceTree = "<group>";
		};
		665817E22A535DA20029AA9D /* Profiles */ = {
			isa = PBXGroup;
			children = (
				665817E32A535DBF0029AA9D /* ProfileHost.swift */,
				665817E52A535DDD0029AA9D /* ProfileSummary.swift */,
				665817E92A535FCF0029AA9D /* ProfileEditor.swift */,
			);
			path = Profiles;
			sourceTree = "<group>";
		};
		665817EB2A55C71A0029AA9D /* PageView */ = {
			isa = PBXGroup;
			children = (
				665817EC2A55C72E0029AA9D /* PageViewController.swift */,
				665817EE2A55C7B80029AA9D /* FeatureCard.swift */,
				665817F02A55C7F30029AA9D /* PageView.swift */,
				665817F22A55C9F90029AA9D /* PageControl.swift */,
			);
			path = PageView;
			sourceTree = "<group>";
		};
		665818152A55D5140029AA9D /* WatchLandmarks Watch App */ = {
			isa = PBXGroup;
			children = (
				665818182A55D5140029AA9D /* ContentView.swift */,
				6658185F2A55E5AF0029AA9D /* LandmarkList.swift */,
				665818322A55D6C80029AA9D /* LandmarkDetail.swift */,
				665818352A55D96D0029AA9D /* NotificationView.swift */,
				665818372A55D9800029AA9D /* NotificationController.swift */,
				6658183B2A55D9B80029AA9D /* PushNotificationPayload.apns */,
				6658181A2A55D5160029AA9D /* Assets.xcassets */,
				6658181C2A55D5160029AA9D /* Preview Content */,
			);
			path = "WatchLandmarks Watch App";
			sourceTree = "<group>";
		};
		6658181C2A55D5160029AA9D /* Preview Content */ = {
			isa = PBXGroup;
			children = (
				6658181D2A55D5160029AA9D /* Preview Assets.xcassets */,
			);
			path = "Preview Content";
			sourceTree = "<group>";
		};
		665818422A55E3A00029AA9D /* MacLandmarks */ = {
			isa = PBXGroup;
			children = (
				665818452A55E3A00029AA9D /* ContentView.swift */,
				6658185D2A55E4AA0029AA9D /* LandmarkDetail.swift */,
				665818612A55E7D50029AA9D /* LandmarkCommands.swift */,
				665818472A55E3A30029AA9D /* Assets.xcassets */,
				6658184C2A55E3A30029AA9D /* MacLandmarks.entitlements */,
				665818492A55E3A30029AA9D /* Preview Content */,
			);
			path = MacLandmarks;
			sourceTree = "<group>";
		};
		665818492A55E3A30029AA9D /* Preview Content */ = {
			isa = PBXGroup;
			children = (
				6658184A2A55E3A30029AA9D /* Preview Assets.xcassets */,
			);
			path = "Preview Content";
			sourceTree = "<group>";
		};
/* End PBXGroup section */

/* Begin PBXNativeTarget section */
		664E736D2A41429A0003D595 /* Landmarks */ = {
			isa = PBXNativeTarget;
			buildConfigurationList = 664E737C2A41429C0003D595 /* Build configuration list for PBXNativeTarget "Landmarks" */;
			buildPhases = (
				664E736A2A41429A0003D595 /* Sources */,
				664E736B2A41429A0003D595 /* Frameworks */,
				664E736C2A41429A0003D595 /* Resources */,
			);
			buildRules = (
			);
			dependencies = (
			);
			name = Landmarks;
			productName = Landmarks;
			productReference = 664E736E2A41429B0003D595 /* Landmarks.app */;
			productType = "com.apple.product-type.application";
		};
		6658180B2A55D5140029AA9D /* WatchLandmarks */ = {
			isa = PBXNativeTarget;
			buildConfigurationList = 665818252A55D5160029AA9D /* Build configuration list for PBXNativeTarget "WatchLandmarks" */;
			buildPhases = (
				6658180A2A55D5140029AA9D /* Resources */,
				665818212A55D5160029AA9D /* Embed Watch Content */,
			);
			buildRules = (
			);
			dependencies = (
				665818142A55D5140029AA9D /* PBXTargetDependency */,
			);
			name = WatchLandmarks;
			productName = WatchLandmarks;
			productReference = 6658180C2A55D5140029AA9D /* WatchLandmarks.app */;
			productType = "com.apple.product-type.application.watchapp2-container";
		};
		665818102A55D5140029AA9D /* WatchLandmarks Watch App */ = {
			isa = PBXNativeTarget;
			buildConfigurationList = 665818242A55D5160029AA9D /* Build configuration list for PBXNativeTarget "WatchLandmarks Watch App" */;
			buildPhases = (
				6658180D2A55D5140029AA9D /* Sources */,
				6658180E2A55D5140029AA9D /* Frameworks */,
				6658180F2A55D5140029AA9D /* Resources */,
			);
			buildRules = (
			);
			dependencies = (
			);
			name = "WatchLandmarks Watch App";
			productName = "WatchLandmarks Watch App";
			productReference = 665818112A55D5140029AA9D /* WatchLandmarks Watch App.app */;
			productType = "com.apple.product-type.application";
		};
		665818402A55E3A00029AA9D /* MacLandmarks */ = {
			isa = PBXNativeTarget;
			buildConfigurationList = 6658184D2A55E3A30029AA9D /* Build configuration list for PBXNativeTarget "MacLandmarks" */;
			buildPhases = (
				6658183D2A55E3A00029AA9D /* Sources */,
				6658183E2A55E3A00029AA9D /* Frameworks */,
				6658183F2A55E3A00029AA9D /* Resources */,
			);
			buildRules = (
			);
			dependencies = (
			);
			name = MacLandmarks;
			productName = MacLandmarks;
			productReference = 665818412A55E3A00029AA9D /* MacLandmarks.app */;
			productType = "com.apple.product-type.application";
		};
/* End PBXNativeTarget section */

/* Begin PBXProject section */
		664E73662A41429A0003D595 /* Project object */ = {
			isa = PBXProject;
			attributes = {
				BuildIndependentTargetsInParallel = 1;
				LastSwiftUpdateCheck = 1430;
				LastUpgradeCheck = 1430;
				TargetAttributes = {
					664E736D2A41429A0003D595 = {
						CreatedOnToolsVersion = 14.3.1;
					};
					6658180B2A55D5140029AA9D = {
						CreatedOnToolsVersion = 14.3.1;
					};
					665818102A55D5140029AA9D = {
						CreatedOnToolsVersion = 14.3.1;
					};
					665818402A55E3A00029AA9D = {
						CreatedOnToolsVersion = 14.3.1;
					};
				};
			};
			buildConfigurationList = 664E73692A41429A0003D595 /* Build configuration list for PBXProject "Landmarks" */;
			compatibilityVersion = "Xcode 14.0";
			developmentRegion = en;
			hasScannedForEncodings = 0;
			knownRegions = (
				en,
				Base,
			);
			mainGroup = 664E73652A41429A0003D595;
			productRefGroup = 664E736F2A41429B0003D595 /* Products */;
			projectDirPath = "";
			projectRoot = "";
			targets = (
				664E736D2A41429A0003D595 /* Landmarks */,
				6658180B2A55D5140029AA9D /* WatchLandmarks */,
				665818102A55D5140029AA9D /* WatchLandmarks Watch App */,
				665818402A55E3A00029AA9D /* MacLandmarks */,
			);
		};
/* End PBXProject section */

/* Begin PBXResourcesBuildPhase section */
		664E736C2A41429A0003D595 /* Resources */ = {
			isa = PBXResourcesBuildPhase;
			buildActionMask = 2147483647;
			files = (
				665817CD2A4C6DE40029AA9D /* hikeData.json in Resources */,
				664E73792A41429C0003D595 /* Preview Assets.xcassets in Resources */,
				664E73762A41429C0003D595 /* Assets.xcassets in Resources */,
				664E73842A41493E0003D595 /* landmarkData.json in Resources */,
			);
			runOnlyForDeploymentPostprocessing = 0;
		};
		6658180A2A55D5140029AA9D /* Resources */ = {
			isa = PBXResourcesBuildPhase;
			buildActionMask = 2147483647;
			files = (
			);
			runOnlyForDeploymentPostprocessing = 0;
		};
		6658180F2A55D5140029AA9D /* Resources */ = {
			isa = PBXResourcesBuildPhase;
			buildActionMask = 2147483647;
			files = (
				6658181E2A55D5160029AA9D /* Preview Assets.xcassets in Resources */,
				6658181B2A55D5160029AA9D /* Assets.xcassets in Resources */,
				6658182D2A55D6120029AA9D /* Assets.xcassets in Resources */,
				665818282A55D6120029AA9D /* landmarkData.json in Resources */,
				665818312A55D6120029AA9D /* hikeData.json in Resources */,
				6658183C2A55D9B80029AA9D /* PushNotificationPayload.apns in Resources */,
			);
			runOnlyForDeploymentPostprocessing = 0;
		};
		6658183F2A55E3A00029AA9D /* Resources */ = {
			isa = PBXResourcesBuildPhase;
			buildActionMask = 2147483647;
			files = (
				6658184B2A55E3A30029AA9D /* Preview Assets.xcassets in Resources */,
				665818582A55E41A0029AA9D /* hikeData.json in Resources */,
				665818592A55E41A0029AA9D /* Assets.xcassets in Resources */,
				6658185B2A55E41A0029AA9D /* landmarkData.json in Resources */,
				665818482A55E3A30029AA9D /* Assets.xcassets in Resources */,
			);
			runOnlyForDeploymentPostprocessing = 0;
		};
/* End PBXResourcesBuildPhase section */

/* Begin PBXSourcesBuildPhase section */
		664E736A2A41429A0003D595 /* Sources */ = {
			isa = PBXSourcesBuildPhase;
			buildActionMask = 2147483647;
			files = (
				665817DD2A535AFE0029AA9D /* CategoryRow.swift in Sources */,
				665817E12A535D810029AA9D /* Profile.swift in Sources */,
				665818622A55E7D50029AA9D /* LandmarkCommands.swift in Sources */,
				664E73742A41429B0003D595 /* ContentView.swift in Sources */,
				665817DB2A5359E50029AA9D /* CategoryHome.swift in Sources */,
				665817EF2A55C7B80029AA9D /* FeatureCard.swift in Sources */,
				665817D62A4C6E760029AA9D /* HikeGraph.swift in Sources */,
				665817CB2A4C6CFC0029AA9D /* Badge.swift in Sources */,
				664E73822A4146290003D595 /* MapView.swift in Sources */,
				665817D52A4C6E760029AA9D /* GraphCapsule.swift in Sources */,
				664E73722A41429B0003D595 /* LandmarksApp.swift in Sources */,
				665817F32A55C9F90029AA9D /* PageControl.swift in Sources */,
				664E73932A4150D50003D595 /* FavoriteButton.swift in Sources */,
				665817DF2A535B520029AA9D /* CategoryItem.swift in Sources */,
				665817D72A4C6E760029AA9D /* HikeDetail.swift in Sources */,
				665817E62A535DDD0029AA9D /* ProfileSummary.swift in Sources */,
				665817C22A4C67280029AA9D /* HexagonParameters.swift in Sources */,
				665817E42A535DBF0029AA9D /* ProfileHost.swift in Sources */,
				665817CF2A4C6DF60029AA9D /* Hike.swift in Sources */,
				665817C82A4C6C890029AA9D /* RotatedBadgeSymbol.swift in Sources */,
				665817F12A55C7F30029AA9D /* PageView.swift in Sources */,
				665817C62A4C6C2B0029AA9D /* BadgeSymbol.swift in Sources */,
				665817EA2A535FCF0029AA9D /* ProfileEditor.swift in Sources */,
				664E738F2A414B510003D595 /* LandmarkList.swift in Sources */,
				665817D82A4C6E760029AA9D /* HikeView.swift in Sources */,
				664E73912A414BF20003D595 /* LandmarkDetail.swift in Sources */,
				665817ED2A55C72E0029AA9D /* PageViewController.swift in Sources */,
				665817C42A4C68060029AA9D /* BadgeBackground.swift in Sources */,
				665817E82A535E310029AA9D /* HikeBadge.swift in Sources */,
				664E73802A4145C40003D595 /* CircleImage.swift in Sources */,
				664E73862A41494E0003D595 /* Landmark.swift in Sources */,
				664E738D2A414A540003D595 /* LandmarkRow.swift in Sources */,
				664E73882A4149B90003D595 /* ModelData.swift in Sources */,
			);
			runOnlyForDeploymentPostprocessing = 0;
		};
		6658180D2A55D5140029AA9D /* Sources */ = {
			isa = PBXSourcesBuildPhase;
			buildActionMask = 2147483647;
			files = (
				6658182B2A55D6120029AA9D /* MapView.swift in Sources */,
				665818302A55D6120029AA9D /* Landmark.swift in Sources */,
				665818192A55D5140029AA9D /* ContentView.swift in Sources */,
				665818602A55E5AF0029AA9D /* LandmarkList.swift in Sources */,
				6658182A2A55D6120029AA9D /* Profile.swift in Sources */,
				665818342A55D76C0029AA9D /* LandmarkDetail.swift in Sources */,
				665818272A55D6120029AA9D /* CircleImage.swift in Sources */,
				665818292A55D6120029AA9D /* ModelData.swift in Sources */,
				665818262A55D6120029AA9D /* LandmarksApp.swift in Sources */,
				665818382A55D9800029AA9D /* NotificationController.swift in Sources */,
				6658182C2A55D6120029AA9D /* Hike.swift in Sources */,
				6658182F2A55D6120029AA9D /* LandmarkRow.swift in Sources */,
				665818362A55D96D0029AA9D /* NotificationView.swift in Sources */,
			);
			runOnlyForDeploymentPostprocessing = 0;
		};
		6658183D2A55E3A00029AA9D /* Sources */ = {
			isa = PBXSourcesBuildPhase;
			buildActionMask = 2147483647;
			files = (
				665818462A55E3A00029AA9D /* ContentView.swift in Sources */,
				665818502A55E41A0029AA9D /* MapView.swift in Sources */,
				665818522A55E41A0029AA9D /* Hike.swift in Sources */,
				665818562A55E41A0029AA9D /* LandmarkList.swift in Sources */,
				665818632A55E7D50029AA9D /* LandmarkCommands.swift in Sources */,
				6658185E2A55E4AA0029AA9D /* LandmarkDetail.swift in Sources */,
				665818572A55E41A0029AA9D /* LandmarksApp.swift in Sources */,
				665818532A55E41A0029AA9D /* FavoriteButton.swift in Sources */,
				665818512A55E41A0029AA9D /* Landmark.swift in Sources */,
				6658185A2A55E41A0029AA9D /* ModelData.swift in Sources */,
				6658185C2A55E41A0029AA9D /* Profile.swift in Sources */,
				665818552A55E41A0029AA9D /* LandmarkRow.swift in Sources */,
				665818542A55E41A0029AA9D /* CircleImage.swift in Sources */,
			);
			runOnlyForDeploymentPostprocessing = 0;
		};
/* End PBXSourcesBuildPhase section */

/* Begin PBXTargetDependency section */
		665818142A55D5140029AA9D /* PBXTargetDependency */ = {
			isa = PBXTargetDependency;
			target = 665818102A55D5140029AA9D /* WatchLandmarks Watch App */;
			targetProxy = 665818132A55D5140029AA9D /* PBXContainerItemProxy */;
		};
/* End PBXTargetDependency section */

/* Begin XCBuildConfiguration section */
		664E737A2A41429C0003D595 /* Debug */ = {
			isa = XCBuildConfiguration;
			buildSettings = {
				ALWAYS_SEARCH_USER_PATHS = NO;
				CLANG_ANALYZER_NONNULL = YES;
				CLANG_ANALYZER_NUMBER_OBJECT_CONVERSION = YES_AGGRESSIVE;
				CLANG_CXX_LANGUAGE_STANDARD = "gnu++20";
				CLANG_ENABLE_MODULES = YES;
				CLANG_ENABLE_OBJC_ARC = YES;
				CLANG_ENABLE_OBJC_WEAK = YES;
				CLANG_WARN_BLOCK_CAPTURE_AUTORELEASING = YES;
				CLANG_WARN_BOOL_CONVERSION = YES;
				CLANG_WARN_COMMA = YES;
				CLANG_WARN_CONSTANT_CONVERSION = YES;
				CLANG_WARN_DEPRECATED_OBJC_IMPLEMENTATIONS = YES;
				CLANG_WARN_DIRECT_OBJC_ISA_USAGE = YES_ERROR;
				CLANG_WARN_DOCUMENTATION_COMMENTS = YES;
				CLANG_WARN_EMPTY_BODY = YES;
				CLANG_WARN_ENUM_CONVERSION = YES;
				CLANG_WARN_INFINITE_RECURSION = YES;
				CLANG_WARN_INT_CONVERSION = YES;
				CLANG_WARN_NON_LITERAL_NULL_CONVERSION = YES;
				CLANG_WARN_OBJC_IMPLICIT_RETAIN_SELF = YES;
				CLANG_WARN_OBJC_LITERAL_CONVERSION = YES;
				CLANG_WARN_OBJC_ROOT_CLASS = YES_ERROR;
				CLANG_WARN_QUOTED_INCLUDE_IN_FRAMEWORK_HEADER = YES;
				CLANG_WARN_RANGE_LOOP_ANALYSIS = YES;
				CLANG_WARN_STRICT_PROTOTYPES = YES;
				CLANG_WARN_SUSPICIOUS_MOVE = YES;
				CLANG_WARN_UNGUARDED_AVAILABILITY = YES_AGGRESSIVE;
				CLANG_WARN_UNREACHABLE_CODE = YES;
				CLANG_WARN__DUPLICATE_METHOD_MATCH = YES;
				COPY_PHASE_STRIP = NO;
				DEBUG_INFORMATION_FORMAT = dwarf;
				ENABLE_STRICT_OBJC_MSGSEND = YES;
				ENABLE_TESTABILITY = YES;
				GCC_C_LANGUAGE_STANDARD = gnu11;
				GCC_DYNAMIC_NO_PIC = NO;
				GCC_NO_COMMON_BLOCKS = YES;
				GCC_OPTIMIZATION_LEVEL = 0;
				GCC_PREPROCESSOR_DEFINITIONS = (
					"DEBUG=1",
					"$(inherited)",
				);
				GCC_WARN_64_TO_32_BIT_CONVERSION = YES;
				GCC_WARN_ABOUT_RETURN_TYPE = YES_ERROR;
				GCC_WARN_UNDECLARED_SELECTOR = YES;
				GCC_WARN_UNINITIALIZED_AUTOS = YES_AGGRESSIVE;
				GCC_WARN_UNUSED_FUNCTION = YES;
				GCC_WARN_UNUSED_VARIABLE = YES;
				IPHONEOS_DEPLOYMENT_TARGET = 16.4;
				MTL_ENABLE_DEBUG_INFO = INCLUDE_SOURCE;
				MTL_FAST_MATH = YES;
				ONLY_ACTIVE_ARCH = YES;
				SDKROOT = iphoneos;
				SWIFT_ACTIVE_COMPILATION_CONDITIONS = DEBUG;
				SWIFT_OPTIMIZATION_LEVEL = "-Onone";
			};
			name = Debug;
		};
		664E737B2A41429C0003D595 /* Release */ = {
			isa = XCBuildConfiguration;
			buildSettings = {
				ALWAYS_SEARCH_USER_PATHS = NO;
				CLANG_ANALYZER_NONNULL = YES;
				CLANG_ANALYZER_NUMBER_OBJECT_CONVERSION = YES_AGGRESSIVE;
				CLANG_CXX_LANGUAGE_STANDARD = "gnu++20";
				CLANG_ENABLE_MODULES = YES;
				CLANG_ENABLE_OBJC_ARC = YES;
				CLANG_ENABLE_OBJC_WEAK = YES;
				CLANG_WARN_BLOCK_CAPTURE_AUTORELEASING = YES;
				CLANG_WARN_BOOL_CONVERSION = YES;
				CLANG_WARN_COMMA = YES;
				CLANG_WARN_CONSTANT_CONVERSION = YES;
				CLANG_WARN_DEPRECATED_OBJC_IMPLEMENTATIONS = YES;
				CLANG_WARN_DIRECT_OBJC_ISA_USAGE = YES_ERROR;
				CLANG_WARN_DOCUMENTATION_COMMENTS = YES;
				CLANG_WARN_EMPTY_BODY = YES;
				CLANG_WARN_ENUM_CONVERSION = YES;
				CLANG_WARN_INFINITE_RECURSION = YES;
				CLANG_WARN_INT_CONVERSION = YES;
				CLANG_WARN_NON_LITERAL_NULL_CONVERSION = YES;
				CLANG_WARN_OBJC_IMPLICIT_RETAIN_SELF = YES;
				CLANG_WARN_OBJC_LITERAL_CONVERSION = YES;
				CLANG_WARN_OBJC_ROOT_CLASS = YES_ERROR;
				CLANG_WARN_QUOTED_INCLUDE_IN_FRAMEWORK_HEADER = YES;
				CLANG_WARN_RANGE_LOOP_ANALYSIS = YES;
				CLANG_WARN_STRICT_PROTOTYPES = YES;
				CLANG_WARN_SUSPICIOUS_MOVE = YES;
				CLANG_WARN_UNGUARDED_AVAILABILITY = YES_AGGRESSIVE;
				CLANG_WARN_UNREACHABLE_CODE = YES;
				CLANG_WARN__DUPLICATE_METHOD_MATCH = YES;
				COPY_PHASE_STRIP = NO;
				DEBUG_INFORMATION_FORMAT = "dwarf-with-dsym";
				ENABLE_NS_ASSERTIONS = NO;
				ENABLE_STRICT_OBJC_MSGSEND = YES;
				GCC_C_LANGUAGE_STANDARD = gnu11;
				GCC_NO_COMMON_BLOCKS = YES;
				GCC_WARN_64_TO_32_BIT_CONVERSION = YES;
				GCC_WARN_ABOUT_RETURN_TYPE = YES_ERROR;
				GCC_WARN_UNDECLARED_SELECTOR = YES;
				GCC_WARN_UNINITIALIZED_AUTOS = YES_AGGRESSIVE;
				GCC_WARN_UNUSED_FUNCTION = YES;
				GCC_WARN_UNUSED_VARIABLE = YES;
				IPHONEOS_DEPLOYMENT_TARGET = 16.4;
				MTL_ENABLE_DEBUG_INFO = NO;
				MTL_FAST_MATH = YES;
				SDKROOT = iphoneos;
				SWIFT_COMPILATION_MODE = wholemodule;
				SWIFT_OPTIMIZATION_LEVEL = "-O";
				VALIDATE_PRODUCT = YES;
			};
			name = Release;
		};
		664E737D2A41429C0003D595 /* Debug */ = {
			isa = XCBuildConfiguration;
			buildSettings = {
				ASSETCATALOG_COMPILER_APPICON_NAME = AppIcon;
				ASSETCATALOG_COMPILER_GLOBAL_ACCENT_COLOR_NAME = AccentColor;
				CODE_SIGN_STYLE = Automatic;
				CURRENT_PROJECT_VERSION = 1;
				DEVELOPMENT_ASSET_PATHS = "\"Landmarks/Preview Content\"";
				ENABLE_PREVIEWS = YES;
				GENERATE_INFOPLIST_FILE = YES;
				INFOPLIST_KEY_UIApplicationSceneManifest_Generation = YES;
				INFOPLIST_KEY_UIApplicationSupportsIndirectInputEvents = YES;
				INFOPLIST_KEY_UILaunchScreen_Generation = YES;
				INFOPLIST_KEY_UISupportedInterfaceOrientations_iPad = "UIInterfaceOrientationPortrait UIInterfaceOrientationPortraitUpsideDown UIInterfaceOrientationLandscapeLeft UIInterfaceOrientationLandscapeRight";
				INFOPLIST_KEY_UISupportedInterfaceOrientations_iPhone = "UIInterfaceOrientationPortrait UIInterfaceOrientationLandscapeLeft UIInterfaceOrientationLandscapeRight";
				LD_RUNPATH_SEARCH_PATHS = (
					"$(inherited)",
					"@executable_path/Frameworks",
				);
				MARKETING_VERSION = 1.0;
				PRODUCT_BUNDLE_IDENTIFIER = com.example.Landmarks;
				PRODUCT_NAME = "$(TARGET_NAME)";
				SWIFT_EMIT_LOC_STRINGS = YES;
				SWIFT_VERSION = 5.0;
				TARGETED_DEVICE_FAMILY = "1,2";
			};
			name = Debug;
		};
		664E737E2A41429C0003D595 /* Release */ = {
			isa = XCBuildConfiguration;
			buildSettings = {
				ASSETCATALOG_COMPILER_APPICON_NAME = AppIcon;
				ASSETCATALOG_COMPILER_GLOBAL_ACCENT_COLOR_NAME = AccentColor;
				CODE_SIGN_STYLE = Automatic;
				CURRENT_PROJECT_VERSION = 1;
				DEVELOPMENT_ASSET_PATHS = "\"Landmarks/Preview Content\"";
				ENABLE_PREVIEWS = YES;
				GENERATE_INFOPLIST_FILE = YES;
				INFOPLIST_KEY_UIApplicationSceneManifest_Generation = YES;
				INFOPLIST_KEY_UIApplicationSupportsIndirectInputEvents = YES;
				INFOPLIST_KEY_UILaunchScreen_Generation = YES;
				INFOPLIST_KEY_UISupportedInterfaceOrientations_iPad = "UIInterfaceOrientationPortrait UIInterfaceOrientationPortraitUpsideDown UIInterfaceOrientationLandscapeLeft UIInterfaceOrientationLandscapeRight";
				INFOPLIST_KEY_UISupportedInterfaceOrientations_iPhone = "UIInterfaceOrientationPortrait UIInterfaceOrientationLandscapeLeft UIInterfaceOrientationLandscapeRight";
				LD_RUNPATH_SEARCH_PATHS = (
					"$(inherited)",
					"@executable_path/Frameworks",
				);
				MARKETING_VERSION = 1.0;
				PRODUCT_BUNDLE_IDENTIFIER = com.example.Landmarks;
				PRODUCT_NAME = "$(TARGET_NAME)";
				SWIFT_EMIT_LOC_STRINGS = YES;
				SWIFT_VERSION = 5.0;
				TARGETED_DEVICE_FAMILY = "1,2";
			};
			name = Release;
		};
		6658181F2A55D5160029AA9D /* Debug */ = {
			isa = XCBuildConfiguration;
			buildSettings = {
				ALWAYS_EMBED_SWIFT_STANDARD_LIBRARIES = YES;
				CODE_SIGN_STYLE = Automatic;
				CURRENT_PROJECT_VERSION = 1;
				INFOPLIST_KEY_CFBundleDisplayName = WatchLandmarks;
				MARKETING_VERSION = 1.0;
				PRODUCT_BUNDLE_IDENTIFIER = com.example.WatchLandmarks;
				PRODUCT_NAME = "$(TARGET_NAME)";
				SWIFT_VERSION = 5.0;
			};
			name = Debug;
		};
		665818202A55D5160029AA9D /* Release */ = {
			isa = XCBuildConfiguration;
			buildSettings = {
				ALWAYS_EMBED_SWIFT_STANDARD_LIBRARIES = YES;
				CODE_SIGN_STYLE = Automatic;
				CURRENT_PROJECT_VERSION = 1;
				INFOPLIST_KEY_CFBundleDisplayName = WatchLandmarks;
				MARKETING_VERSION = 1.0;
				PRODUCT_BUNDLE_IDENTIFIER = com.example.WatchLandmarks;
				PRODUCT_NAME = "$(TARGET_NAME)";
				SWIFT_VERSION = 5.0;
			};
			name = Release;
		};
		665818222A55D5160029AA9D /* Debug */ = {
			isa = XCBuildConfiguration;
			buildSettings = {
				ASSETCATALOG_COMPILER_APPICON_NAME = AppIcon;
				ASSETCATALOG_COMPILER_GLOBAL_ACCENT_COLOR_NAME = AccentColor;
				CODE_SIGN_STYLE = Automatic;
				CURRENT_PROJECT_VERSION = 1;
				DEVELOPMENT_ASSET_PATHS = "\"WatchLandmarks Watch App/Preview Content\"";
				ENABLE_PREVIEWS = YES;
				GENERATE_INFOPLIST_FILE = YES;
				INFOPLIST_KEY_CFBundleDisplayName = WatchLandmarks;
				INFOPLIST_KEY_UISupportedInterfaceOrientations = "UIInterfaceOrientationPortrait UIInterfaceOrientationPortraitUpsideDown";
				INFOPLIST_KEY_WKWatchOnly = YES;
				LD_RUNPATH_SEARCH_PATHS = (
					"$(inherited)",
					"@executable_path/Frameworks",
				);
				MARKETING_VERSION = 1.0;
				PRODUCT_BUNDLE_IDENTIFIER = com.example.WatchLandmarks.watchkitapp;
				PRODUCT_NAME = "$(TARGET_NAME)";
				SDKROOT = watchos;
				SKIP_INSTALL = YES;
				SWIFT_EMIT_LOC_STRINGS = YES;
				SWIFT_VERSION = 5.0;
				TARGETED_DEVICE_FAMILY = 4;
				WATCHOS_DEPLOYMENT_TARGET = 9.4;
			};
			name = Debug;
		};
		665818232A55D5160029AA9D /* Release */ = {
			isa = XCBuildConfiguration;
			buildSettings = {
				ASSETCATALOG_COMPILER_APPICON_NAME = AppIcon;
				ASSETCATALOG_COMPILER_GLOBAL_ACCENT_COLOR_NAME = AccentColor;
				CODE_SIGN_STYLE = Automatic;
				CURRENT_PROJECT_VERSION = 1;
				DEVELOPMENT_ASSET_PATHS = "\"WatchLandmarks Watch App/Preview Content\"";
				ENABLE_PREVIEWS = YES;
				GENERATE_INFOPLIST_FILE = YES;
				INFOPLIST_KEY_CFBundleDisplayName = WatchLandmarks;
				INFOPLIST_KEY_UISupportedInterfaceOrientations = "UIInterfaceOrientationPortrait UIInterfaceOrientationPortraitUpsideDown";
				INFOPLIST_KEY_WKWatchOnly = YES;
				LD_RUNPATH_SEARCH_PATHS = (
					"$(inherited)",
					"@executable_path/Frameworks",
				);
				MARKETING_VERSION = 1.0;
				PRODUCT_BUNDLE_IDENTIFIER = com.example.WatchLandmarks.watchkitapp;
				PRODUCT_NAME = "$(TARGET_NAME)";
				SDKROOT = watchos;
				SKIP_INSTALL = YES;
				SWIFT_EMIT_LOC_STRINGS = YES;
				SWIFT_VERSION = 5.0;
				TARGETED_DEVICE_FAMILY = 4;
				WATCHOS_DEPLOYMENT_TARGET = 9.4;
			};
			name = Release;
		};
		6658184E2A55E3A30029AA9D /* Debug */ = {
			isa = XCBuildConfiguration;
			buildSettings = {
				ASSETCATALOG_COMPILER_APPICON_NAME = AppIcon;
				ASSETCATALOG_COMPILER_GLOBAL_ACCENT_COLOR_NAME = AccentColor;
				CODE_SIGN_ENTITLEMENTS = MacLandmarks/MacLandmarks.entitlements;
				CODE_SIGN_STYLE = Automatic;
				COMBINE_HIDPI_IMAGES = YES;
				CURRENT_PROJECT_VERSION = 1;
				DEVELOPMENT_ASSET_PATHS = "\"MacLandmarks/Preview Content\"";
				ENABLE_PREVIEWS = YES;
				GENERATE_INFOPLIST_FILE = YES;
				INFOPLIST_KEY_NSHumanReadableCopyright = "";
				LD_RUNPATH_SEARCH_PATHS = (
					"$(inherited)",
					"@executable_path/../Frameworks",
				);
				MACOSX_DEPLOYMENT_TARGET = 13.3;
				MARKETING_VERSION = 1.0;
				PRODUCT_BUNDLE_IDENTIFIER = com.example.MacLandmarks;
				PRODUCT_NAME = "$(TARGET_NAME)";
				SDKROOT = macosx;
				SWIFT_EMIT_LOC_STRINGS = YES;
				SWIFT_VERSION = 5.0;
			};
			name = Debug;
		};
		6658184F2A55E3A30029AA9D /* Release */ = {
			isa = XCBuildConfiguration;
			buildSettings = {
				ASSETCATALOG_COMPILER_APPICON_NAME = AppIcon;
				ASSETCATALOG_COMPILER_GLOBAL_ACCENT_COLOR_NAME = AccentColor;
				CODE_SIGN_ENTITLEMENTS = MacLandmarks/MacLandmarks.entitlements;
				CODE_SIGN_STYLE = Automatic;
				COMBINE_HIDPI_IMAGES = YES;
				CURRENT_PROJECT_VERSION = 1;
				DEVELOPMENT_ASSET_PATHS = "\"MacLandmarks/Preview Content\"";
				ENABLE_PREVIEWS = YES;
				GENERATE_INFOPLIST_FILE = YES;
				INFOPLIST_KEY_NSHumanReadableCopyright = "";
				LD_RUNPATH_SEARCH_PATHS = (
					"$(inherited)",
					"@executable_path/../Frameworks",
				);
				MACOSX_DEPLOYMENT_TARGET = 13.3;
				MARKETING_VERSION = 1.0;
				PRODUCT_BUNDLE_IDENTIFIER = com.example.MacLandmarks;
				PRODUCT_NAME = "$(TARGET_NAME)";
				SDKROOT = macosx;
				SWIFT_EMIT_LOC_STRINGS = YES;
				SWIFT_VERSION = 5.0;
			};
			name = Release;
		};
/* End XCBuildConfiguration section */

/* Begin XCConfigurationList section */
		664E73692A41429A0003D595 /* Build configuration list for PBXProject "Landmarks" */ = {
			isa = XCConfigurationList;
			buildConfigurations = (
				664E737A2A41429C0003D595 /* Debug */,
				664E737B2A41429C0003D595 /* Release */,
			);
			defaultConfigurationIsVisible = 0;
			defaultConfigurationName = Release;
		};
		664E737C2A41429C0003D595 /* Build configuration list for PBXNativeTarget "Landmarks" */ = {
			isa = XCConfigurationList;
			buildConfigurations = (
				664E737D2A41429C0003D595 /* Debug */,
				664E737E2A41429C0003D595 /* Release */,
			);
			defaultConfigurationIsVisible = 0;
			defaultConfigurationName = Release;
		};
		665818242A55D5160029AA9D /* Build configuration list for PBXNativeTarget "WatchLandmarks Watch App" */ = {
			isa = XCConfigurationList;
			buildConfigurations = (
				665818222A55D5160029AA9D /* Debug */,
				665818232A55D5160029AA9D /* Release */,
			);
			defaultConfigurationIsVisible = 0;
			defaultConfigurationName = Release;
		};
		665818252A55D5160029AA9D /* Build configuration list for PBXNativeTarget "WatchLandmarks" */ = {
			isa = XCConfigurationList;
			buildConfigurations = (
				6658181F2A55D5160029AA9D /* Debug */,
				665818202A55D5160029AA9D /* Release */,
			);
			defaultConfigurationIsVisible = 0;
			defaultConfigurationName = Release;
		};
		6658184D2A55E3A30029AA9D /* Build configuration list for PBXNativeTarget "MacLandmarks" */ = {
			isa = XCConfigurationList;
			buildConfigurations = (
				6658184E2A55E3A30029AA9D /* Debug */,
				6658184F2A55E3A30029AA9D /* Release */,
			);
			defaultConfigurationIsVisible = 0;
			defaultConfigurationName = Release;
		};
/* End XCConfigurationList section */
	};
	rootObject = 664E73662A41429A0003D595 /* Project object */;
}
